// !$*UTF8*$!
{
	archiveVersion = 1;
	classes = {
	};
	objectVersion = 46;
	objects = {

/* Begin PBXBuildFile section */
		109B0BEC1F37DBC0006FE995 /* AppDelegate.swift in Sources */ = {isa = PBXBuildFile; fileRef = 109B0BEB1F37DBC0006FE995 /* AppDelegate.swift */; };
		109B0BEE1F37DBC0006FE995 /* Main.swift in Sources */ = {isa = PBXBuildFile; fileRef = 109B0BED1F37DBC0006FE995 /* Main.swift */; };
		109B0BF11F37DBC0006FE995 /* Main.storyboard in Resources */ = {isa = PBXBuildFile; fileRef = 109B0BEF1F37DBC0006FE995 /* Main.storyboard */; };
		109B0BF31F37DBC0006FE995 /* Assets.xcassets in Resources */ = {isa = PBXBuildFile; fileRef = 109B0BF21F37DBC0006FE995 /* Assets.xcassets */; };
		109B0BF61F37DBC0006FE995 /* LaunchScreen.storyboard in Resources */ = {isa = PBXBuildFile; fileRef = 109B0BF41F37DBC0006FE995 /* LaunchScreen.storyboard */; };
		3273BE64666B1DF0C9622606 /* Pods_Controly.framework in Frameworks */ = {isa = PBXBuildFile; fileRef = BD3DB8555062B76BF768CBB6 /* Pods_Controly.framework */; };
/* End PBXBuildFile section */

/* Begin PBXFileReference section */
		09DADD8A5DB08FFDD5F1709A /* Pods-Controly.debug.xcconfig */ = {isa = PBXFileReference; includeInIndex = 1; lastKnownFileType = text.xcconfig; name = "Pods-Controly.debug.xcconfig"; path = "Pods/Target Support Files/Pods-Controly/Pods-Controly.debug.xcconfig"; sourceTree = "<group>"; };
		109B0BE81F37DBC0006FE995 /* Controly.app */ = {isa = PBXFileReference; explicitFileType = wrapper.application; includeInIndex = 0; path = Controly.app; sourceTree = BUILT_PRODUCTS_DIR; };
		109B0BEB1F37DBC0006FE995 /* AppDelegate.swift */ = {isa = PBXFileReference; lastKnownFileType = sourcecode.swift; path = AppDelegate.swift; sourceTree = "<group>"; };
		109B0BED1F37DBC0006FE995 /* Main.swift */ = {isa = PBXFileReference; lastKnownFileType = sourcecode.swift; path = Main.swift; sourceTree = "<group>"; };
		109B0BF01F37DBC0006FE995 /* Base */ = {isa = PBXFileReference; lastKnownFileType = file.storyboard; name = Base; path = Base.lproj/Main.storyboard; sourceTree = "<group>"; };
		109B0BF21F37DBC0006FE995 /* Assets.xcassets */ = {isa = PBXFileReference; lastKnownFileType = folder.assetcatalog; path = Assets.xcassets; sourceTree = "<group>"; };
		109B0BF51F37DBC0006FE995 /* Base */ = {isa = PBXFileReference; lastKnownFileType = file.storyboard; name = Base; path = Base.lproj/LaunchScreen.storyboard; sourceTree = "<group>"; };
		109B0BF71F37DBC0006FE995 /* Info.plist */ = {isa = PBXFileReference; lastKnownFileType = text.plist.xml; path = Info.plist; sourceTree = "<group>"; };
		BD3DB8555062B76BF768CBB6 /* Pods_Controly.framework */ = {isa = PBXFileReference; explicitFileType = wrapper.framework; includeInIndex = 0; path = Pods_Controly.framework; sourceTree = BUILT_PRODUCTS_DIR; };
		E74B07AC0C9498E2891D652B /* Pods-Controly.release.xcconfig */ = {isa = PBXFileReference; includeInIndex = 1; lastKnownFileType = text.xcconfig; name = "Pods-Controly.release.xcconfig"; path = "Pods/Target Support Files/Pods-Controly/Pods-Controly.release.xcconfig"; sourceTree = "<group>"; };
/* End PBXFileReference section */

/* Begin PBXFrameworksBuildPhase section */
		109B0BE51F37DBC0006FE995 /* Frameworks */ = {
			isa = PBXFrameworksBuildPhase;
			buildActionMask = 2147483647;
			files = (
				3273BE64666B1DF0C9622606 /* Pods_Controly.framework in Frameworks */,
			);
			runOnlyForDeploymentPostprocessing = 0;
		};
/* End PBXFrameworksBuildPhase section */

/* Begin PBXGroup section */
		109B0BDF1F37DBC0006FE995 = {
			isa = PBXGroup;
			children = (
				109B0BEA1F37DBC0006FE995 /* Controly */,
				109B0BE91F37DBC0006FE995 /* Products */,
				179D1FAB8E7D581EA685FC2E /* Pods */,
				61858F66CD649EBEC76DA475 /* Frameworks */,
			);
			sourceTree = "<group>";
		};
		109B0BE91F37DBC0006FE995 /* Products */ = {
			isa = PBXGroup;
			children = (
				109B0BE81F37DBC0006FE995 /* Controly.app */,
			);
			name = Products;
			sourceTree = "<group>";
		};
		109B0BEA1F37DBC0006FE995 /* Controly */ = {
			isa = PBXGroup;
			children = (
				109B0BEB1F37DBC0006FE995 /* AppDelegate.swift */,
				109B0BED1F37DBC0006FE995 /* Main.swift */,
				109B0BEF1F37DBC0006FE995 /* Main.storyboard */,
				109B0BF21F37DBC0006FE995 /* Assets.xcassets */,
				109B0BF41F37DBC0006FE995 /* LaunchScreen.storyboard */,
				109B0BF71F37DBC0006FE995 /* Info.plist */,
			);
			path = Controly;
			sourceTree = "<group>";
		};
		179D1FAB8E7D581EA685FC2E /* Pods */ = {
			isa = PBXGroup;
			children = (
				09DADD8A5DB08FFDD5F1709A /* Pods-Controly.debug.xcconfig */,
				E74B07AC0C9498E2891D652B /* Pods-Controly.release.xcconfig */,
			);
			name = Pods;
			sourceTree = "<group>";
		};
		61858F66CD649EBEC76DA475 /* Frameworks */ = {
			isa = PBXGroup;
			children = (
				BD3DB8555062B76BF768CBB6 /* Pods_Controly.framework */,
			);
			name = Frameworks;
			sourceTree = "<group>";
		};
/* End PBXGroup section */

/* Begin PBXNativeTarget section */
		109B0BE71F37DBC0006FE995 /* Controly */ = {
			isa = PBXNativeTarget;
			buildConfigurationList = 109B0BFA1F37DBC0006FE995 /* Build configuration list for PBXNativeTarget "Controly" */;
			buildPhases = (
				D5BB5075F427AE301AB70AE5 /* [CP] Check Pods Manifest.lock */,
				109B0BE41F37DBC0006FE995 /* Sources */,
				109B0BE51F37DBC0006FE995 /* Frameworks */,
				109B0BE61F37DBC0006FE995 /* Resources */,
				33722E4B3054A10DB6289455 /* [CP] Embed Pods Frameworks */,
				81E4FC2A4C3F0D49DA586627 /* [CP] Copy Pods Resources */,
			);
			buildRules = (
			);
			dependencies = (
			);
			name = Controly;
			productName = Controly;
			productReference = 109B0BE81F37DBC0006FE995 /* Controly.app */;
			productType = "com.apple.product-type.application";
		};
/* End PBXNativeTarget section */

/* Begin PBXProject section */
		109B0BE01F37DBC0006FE995 /* Project object */ = {
			isa = PBXProject;
			attributes = {
				LastSwiftUpdateCheck = 0830;
				LastUpgradeCheck = 0830;
				ORGANIZATIONNAME = SimpleAccess;
				TargetAttributes = {
					109B0BE71F37DBC0006FE995 = {
						CreatedOnToolsVersion = 8.3.3;
						DevelopmentTeam = 9DEMC9G4V8;
						ProvisioningStyle = Automatic;
					};
				};
			};
			buildConfigurationList = 109B0BE31F37DBC0006FE995 /* Build configuration list for PBXProject "Controly" */;
			compatibilityVersion = "Xcode 3.2";
			developmentRegion = English;
			hasScannedForEncodings = 0;
			knownRegions = (
				en,
				Base,
			);
			mainGroup = 109B0BDF1F37DBC0006FE995;
			productRefGroup = 109B0BE91F37DBC0006FE995 /* Products */;
			projectDirPath = "";
			projectRoot = "";
			targets = (
				109B0BE71F37DBC0006FE995 /* Controly */,
			);
		};
/* End PBXProject section */

/* Begin PBXResourcesBuildPhase section */
		109B0BE61F37DBC0006FE995 /* Resources */ = {
			isa = PBXResourcesBuildPhase;
			buildActionMask = 2147483647;
			files = (
				109B0BF61F37DBC0006FE995 /* LaunchScreen.storyboard in Resources */,
				109B0BF31F37DBC0006FE995 /* Assets.xcassets in Resources */,
				109B0BF11F37DBC0006FE995 /* Main.storyboard in Resources */,
			);
			runOnlyForDeploymentPostprocessing = 0;
		};
/* End PBXResourcesBuildPhase section */

/* Begin PBXShellScriptBuildPhase section */
		33722E4B3054A10DB6289455 /* [CP] Embed Pods Frameworks */ = {
			isa = PBXShellScriptBuildPhase;
			buildActionMask = 2147483647;
			files = (
			);
			inputPaths = (
				"${SRCROOT}/Pods/Target Support Files/Pods-Controly/Pods-Controly-frameworks.sh",
				"${BUILT_PRODUCTS_DIR}/Alamofire/Alamofire.framework",
			);
			name = "[CP] Embed Pods Frameworks";
			outputPaths = (
				"${TARGET_BUILD_DIR}/${FRAMEWORKS_FOLDER_PATH}/Alamofire.framework",
			);
			runOnlyForDeploymentPostprocessing = 0;
			shellPath = /bin/sh;
			shellScript = "\"${SRCROOT}/Pods/Target Support Files/Pods-Controly/Pods-Controly-frameworks.sh\"\n";
			showEnvVarsInLog = 0;
		};
		81E4FC2A4C3F0D49DA586627 /* [CP] Copy Pods Resources */ = {
			isa = PBXShellScriptBuildPhase;
			buildActionMask = 2147483647;
			files = (
			);
			inputPaths = (
			);
			name = "[CP] Copy Pods Resources";
			outputPaths = (
			);
			runOnlyForDeploymentPostprocessing = 0;
			shellPath = /bin/sh;
			shellScript = "\"${SRCROOT}/Pods/Target Support Files/Pods-Controly/Pods-Controly-resources.sh\"\n";
			showEnvVarsInLog = 0;
		};
		D5BB5075F427AE301AB70AE5 /* [CP] Check Pods Manifest.lock */ = {
			isa = PBXShellScriptBuildPhase;
			buildActionMask = 2147483647;
			files = (
			);
			inputPaths = (
				"${PODS_PODFILE_DIR_PATH}/Podfile.lock",
				"${PODS_ROOT}/Manifest.lock",
			);
			name = "[CP] Check Pods Manifest.lock";
			outputPaths = (
				"$(DERIVED_FILE_DIR)/Pods-Controly-checkManifestLockResult.txt",
			);
			runOnlyForDeploymentPostprocessing = 0;
			shellPath = /bin/sh;
			shellScript = "diff \"${PODS_PODFILE_DIR_PATH}/Podfile.lock\" \"${PODS_ROOT}/Manifest.lock\" > /dev/null\nif [ $? != 0 ] ; then\n    # print error to STDERR\n    echo \"error: The sandbox is not in sync with the Podfile.lock. Run 'pod install' or update your CocoaPods installation.\" >&2\n    exit 1\nfi\n# This output is used by Xcode 'outputs' to avoid re-running this script phase.\necho \"SUCCESS\" > \"${SCRIPT_OUTPUT_FILE_0}\"\n";
			showEnvVarsInLog = 0;
		};
/* End PBXShellScriptBuildPhase section */

/* Begin PBXSourcesBuildPhase section */
		109B0BE41F37DBC0006FE995 /* Sources */ = {
			isa = PBXSourcesBuildPhase;
			buildActionMask = 2147483647;
			files = (
				109B0BEE1F37DBC0006FE995 /* Main.swift in Sources */,
				109B0BEC1F37DBC0006FE995 /* AppDelegate.swift in Sources */,
			);
			runOnlyForDeploymentPostprocessing = 0;
		};
/* End PBXSourcesBuildPhase section */

/* Begin PBXVariantGroup section */
		109B0BEF1F37DBC0006FE995 /* Main.storyboard */ = {
			isa = PBXVariantGroup;
			children = (
				109B0BF01F37DBC0006FE995 /* Base */,
			);
			name = Main.storyboard;
			sourceTree = "<group>";
		};
		109B0BF41F37DBC0006FE995 /* LaunchScreen.storyboard */ = {
			isa = PBXVariantGroup;
			children = (
				109B0BF51F37DBC0006FE995 /* Base */,
			);
			name = LaunchScreen.storyboard;
			sourceTree = "<group>";
		};
/* End PBXVariantGroup section */

/* Begin XCBuildConfiguration section */
		109B0BF81F37DBC0006FE995 /* Debug */ = {
			isa = XCBuildConfiguration;
			buildSettings = {
				ALWAYS_SEARCH_USER_PATHS = NO;
				CLANG_ANALYZER_NONNULL = YES;
				CLANG_ANALYZER_NUMBER_OBJECT_CONVERSION = YES_AGGRESSIVE;
				CLANG_CXX_LANGUAGE_STANDARD = "gnu++0x";
				CLANG_CXX_LIBRARY = "libc++";
				CLANG_ENABLE_MODULES = YES;
				CLANG_ENABLE_OBJC_ARC = YES;
				CLANG_WARN_BOOL_CONVERSION = YES;
				CLANG_WARN_CONSTANT_CONVERSION = YES;
				CLANG_WARN_DIRECT_OBJC_ISA_USAGE = YES_ERROR;
				CLANG_WARN_DOCUMENTATION_COMMENTS = YES;
				CLANG_WARN_EMPTY_BODY = YES;
				CLANG_WARN_ENUM_CONVERSION = YES;
				CLANG_WARN_INFINITE_RECURSION = YES;
				CLANG_WARN_INT_CONVERSION = YES;
				CLANG_WARN_OBJC_ROOT_CLASS = YES_ERROR;
				CLANG_WARN_SUSPICIOUS_MOVE = YES;
				CLANG_WARN_UNREACHABLE_CODE = YES;
				CLANG_WARN__DUPLICATE_METHOD_MATCH = YES;
				"CODE_SIGN_IDENTITY[sdk=iphoneos*]" = "iPhone Developer";
				COPY_PHASE_STRIP = NO;
				DEBUG_INFORMATION_FORMAT = dwarf;
				ENABLE_STRICT_OBJC_MSGSEND = YES;
				ENABLE_TESTABILITY = YES;
				GCC_C_LANGUAGE_STANDARD = gnu99;
				GCC_DYNAMIC_NO_PIC = NO;
				GCC_NO_COMMON_BLOCKS = YES;
				GCC_OPTIMIZATION_LEVEL = 0;
				GCC_PREPROCESSOR_DEFINITIONS = (
					"DEBUG=1",
					"$(inherited)",
				);
				GCC_WARN_64_TO_32_BIT_CONVERSION = YES;
				GCC_WARN_ABOUT_RETURN_TYPE = YES_ERROR;
				GCC_WARN_UNDECLARED_SELECTOR = YES;
				GCC_WARN_UNINITIALIZED_AUTOS = YES_AGGRESSIVE;
				GCC_WARN_UNUSED_FUNCTION = YES;
				GCC_WARN_UNUSED_VARIABLE = YES;
				IPHONEOS_DEPLOYMENT_TARGET = 10.3;
				MTL_ENABLE_DEBUG_INFO = YES;
				ONLY_ACTIVE_ARCH = YES;
				SDKROOT = iphoneos;
				SWIFT_ACTIVE_COMPILATION_CONDITIONS = DEBUG;
				SWIFT_OPTIMIZATION_LEVEL = "-Onone";
				TARGETED_DEVICE_FAMILY = "1,2";
			};
			name = Debug;
		};
		109B0BF91F37DBC0006FE995 /* Release */ = {
			isa = XCBuildConfiguration;
			buildSettings = {
				ALWAYS_SEARCH_USER_PATHS = NO;
				CLANG_ANALYZER_NONNULL = YES;
				CLANG_ANALYZER_NUMBER_OBJECT_CONVERSION = YES_AGGRESSIVE;
				CLANG_CXX_LANGUAGE_STANDARD = "gnu++0x";
				CLANG_CXX_LIBRARY = "libc++";
				CLANG_ENABLE_MODULES = YES;
				CLANG_ENABLE_OBJC_ARC = YES;
				CLANG_WARN_BOOL_CONVERSION = YES;
				CLANG_WARN_CONSTANT_CONVERSION = YES;
				CLANG_WARN_DIRECT_OBJC_ISA_USAGE = YES_ERROR;
				CLANG_WARN_DOCUMENTATION_COMMENTS = YES;
				CLANG_WARN_EMPTY_BODY = YES;
				CLANG_WARN_ENUM_CONVERSION = YES;
				CLANG_WARN_INFINITE_RECURSION = YES;
				CLANG_WARN_INT_CONVERSION = YES;
				CLANG_WARN_OBJC_ROOT_CLASS = YES_ERROR;
				CLANG_WARN_SUSPICIOUS_MOVE = YES;
				CLANG_WARN_UNREACHABLE_CODE = YES;
				CLANG_WARN__DUPLICATE_METHOD_MATCH = YES;
				"CODE_SIGN_IDENTITY[sdk=iphoneos*]" = "iPhone Developer";
				COPY_PHASE_STRIP = NO;
				DEBUG_INFORMATION_FORMAT = "dwarf-with-dsym";
				ENABLE_NS_ASSERTIONS = NO;
				ENABLE_STRICT_OBJC_MSGSEND = YES;
				GCC_C_LANGUAGE_STANDARD = gnu99;
				GCC_NO_COMMON_BLOCKS = YES;
				GCC_WARN_64_TO_32_BIT_CONVERSION = YES;
				GCC_WARN_ABOUT_RETURN_TYPE = YES_ERROR;
				GCC_WARN_UNDECLARED_SELECTOR = YES;
				GCC_WARN_UNINITIALIZED_AUTOS = YES_AGGRESSIVE;
				GCC_WARN_UNUSED_FUNCTION = YES;
				GCC_WARN_UNUSED_VARIABLE = YES;
				IPHONEOS_DEPLOYMENT_TARGET = 10.3;
				MTL_ENABLE_DEBUG_INFO = NO;
				SDKROOT = iphoneos;
				SWIFT_OPTIMIZATION_LEVEL = "-Owholemodule";
				TARGETED_DEVICE_FAMILY = "1,2";
				VALIDATE_PRODUCT = YES;
			};
			name = Release;
		};
		109B0BFB1F37DBC0006FE995 /* Debug */ = {
			isa = XCBuildConfiguration;
			baseConfigurationReference = 09DADD8A5DB08FFDD5F1709A /* Pods-Controly.debug.xcconfig */;
			buildSettings = {
				ASSETCATALOG_COMPILER_APPICON_NAME = AppIcon;
				DEVELOPMENT_TEAM = 9DEMC9G4V8;
				INFOPLIST_FILE = Controly/Info.plist;
				LD_RUNPATH_SEARCH_PATHS = "$(inherited) @executable_path/Frameworks";
				PRODUCT_BUNDLE_IDENTIFIER = SimpleAccess.Controly;
				PRODUCT_NAME = "$(TARGET_NAME)";
				SWIFT_VERSION = 3.0;
			};
			name = Debug;
		};
		109B0BFC1F37DBC0006FE995 /* Release */ = {
			isa = XCBuildConfiguration;
			baseConfigurationReference = E74B07AC0C9498E2891D652B /* Pods-Controly.release.xcconfig */;
			buildSettings = {
				ASSETCATALOG_COMPILER_APPICON_NAME = AppIcon;
				DEVELOPMENT_TEAM = 9DEMC9G4V8;
				INFOPLIST_FILE = Controly/Info.plist;
				LD_RUNPATH_SEARCH_PATHS = "$(inherited) @executable_path/Frameworks";
				PRODUCT_BUNDLE_IDENTIFIER = SimpleAccess.Controly;
				PRODUCT_NAME = "$(TARGET_NAME)";
				SWIFT_VERSION = 3.0;
			};
			name = Release;
		};
/* End XCBuildConfiguration section */

/* Begin XCConfigurationList section */
		109B0BE31F37DBC0006FE995 /* Build configuration list for PBXProject "Controly" */ = {
			isa = XCConfigurationList;
			buildConfigurations = (
				109B0BF81F37DBC0006FE995 /* Debug */,
				109B0BF91F37DBC0006FE995 /* Release */,
			);
			defaultConfigurationIsVisible = 0;
			defaultConfigurationName = Release;
		};
		109B0BFA1F37DBC0006FE995 /* Build configuration list for PBXNativeTarget "Controly" */ = {
			isa = XCConfigurationList;
			buildConfigurations = (
				109B0BFB1F37DBC0006FE995 /* Debug */,
				109B0BFC1F37DBC0006FE995 /* Release */,
			);
			defaultConfigurationIsVisible = 0;
			defaultConfigurationName = Release;
		};
/* End XCConfigurationList section */
	};
	rootObject = 109B0BE01F37DBC0006FE995 /* Project object */;
}
